
Microsoft Visual Studio Solution File, Format Version 12.00
# Visual Studio 2013
VisualStudioVersion = 12.0.40629.0
MinimumVisualStudioVersion = 10.0.40219.1
Project("{FAE04EC0-301F-11D3-BF4B-00C04F79EFBC}") = "TestTemplate", "TestTemplate\TestTemplate.csproj", "{355511A4-9342-4CE7-A527-F34E5B3D2CA0}"
EndProject
Project("{FAE04EC0-301F-11D3-BF4B-00C04F79EFBC}") = "TemplateEngine.Docx", "TemplateEngine.Docx\TemplateEngine.Docx.csproj", "{B6320046-B27F-41E7-9AA7-C2EE252C0DA5}"
EndProject
Global
	GlobalSection(SolutionConfigurationPlatforms) = preSolution
		Debug|Any CPU = Debug|Any CPU
		Release|Any CPU = Release|Any CPU
	EndGlobalSection
	GlobalSection(ProjectConfigurationPlatforms) = postSolution
		{355511A4-9342-4CE7-A527-F34E5B3D2CA0}.Debug|Any CPU.ActiveCfg = Debug|Any CPU
		{355511A4-9342-4CE7-A527-F34E5B3D2CA0}.Debug|Any CPU.Build.0 = Debug|Any CPU
		{355511A4-9342-4CE7-A527-F34E5B3D2CA0}.Release|Any CPU.ActiveCfg = Release|Any CPU
		{355511A4-9342-4CE7-A527-F34E5B3D2CA0}.Release|Any CPU.Build.0 = Release|Any CPU
		{B6320046-B27F-41E7-9AA7-C2EE252C0DA5}.Debug|Any CPU.ActiveCfg = Debug|Any CPU
		{B6320046-B27F-41E7-9AA7-C2EE252C0DA5}.Debug|Any CPU.Build.0 = Debug|Any CPU
		{B6320046-B27F-41E7-9AA7-C2EE252C0DA5}.Release|Any CPU.ActiveCfg = Release|Any CPU
		{B6320046-B27F-41E7-9AA7-C2EE252C0DA5}.Release|Any CPU.Build.0 = Release|Any CPU
	EndGlobalSection
	GlobalSection(SolutionProperties) = preSolution
		HideSolutionNode = FALSE
	EndGlobalSection
EndGlobal
